version = 1
revision = 3
requires-python = ">=3.13"
resolution-markers = [
    "python_full_version >= '3.14'",
    "python_full_version < '3.14'",
]

[[package]]
name = "anyio"
version = "4.13.0"
source = { registry = "https://pypi.org/simple" }
dependencies = [
    { name = "idna" },
]
sdist = { url = "https://files.pythonhosted.org/packages/19/14/2c5dd9f512b66549ae92767a9c7b330ae88e1932ca57876909410251fe13/anyio-4.13.0.tar.gz", hash = "sha256:334b70e641fd2221c1505b3890c69882fe4a2df910cba14d97019b90b24439dc", size = 231622, upload-time = "2026-03-24T12:59:09.671Z" }
wheels = [
    { url = "https://files.pythonhosted.org/packages/da/42/e921fccf5015463e32a3cf6ee7f980a6ed0f395ceeaa45060b61d86486c2/anyio-4.13.0-py3-none-any.whl", hash = "sha256:08b310f9e24a9594186fd75b4f73f4a4152069e3853f1ed8bfbf58369f4ad708", size = 114353, upload-time = "2026-03-24T12:59:08.246Z" },
]

[[package]]
name = "apscheduler"
version = "3.11.2"
source = { registry = "https://pypi.org/simple" }
dependencies = [
    { name = "tzlocal" },
]
sdist = { url = "https://files.pythonhosted.org/packages/07/12/3e4389e5920b4c1763390c6d371162f3784f86f85cd6d6c1bfe68eef14e2/apscheduler-3.11.2.tar.gz", hash = "sha256:2a9966b052ec805f020c8c4c3ae6e6a06e24b1bf19f2e11d91d8cca0473eef41", size = 108683, upload-time = "2025-12-22T00:39:34.884Z" }
wheels = [
    { url = "https://files.pythonhosted.org/packages/9f/64/2e54428beba8d9992aa478bb8f6de9e4ecaa5f8f513bcfd567ed7fb0262d/apscheduler-3.11.2-py3-none-any.whl", hash = "sha256:ce005177f741409db4e4dd40a7431b76feb856b9dd69d57e0da49d6715bfd26d", size = 64439, upload-time = "2025-12-22T00:39:33.303Z" },
]

[[package]]
name = "beautifulsoup4"
version = "4.14.3"
source = { registry = "https://pypi.org/simple" }
dependencies = [
    { name = "soupsieve" },
    { name = "typing-extensions" },
]
sdist = { url = "https://files.pythonhosted.org/packages/c3/b0/1c6a16426d389813b48d95e26898aff79abbde42ad353958ad95cc8c9b21/beautifulsoup4-4.14.3.tar.gz", hash = "sha256:6292b1c5186d356bba669ef9f7f051757099565ad9ada5dd630bd9de5fa7fb86", size = 627737, upload-time = "2025-11-30T15:08:26.084Z" }
wheels = [
    { url = "https://files.pythonhosted.org/packages/1a/39/47f9197bdd44df24d67ac8893641e16f386c984a0619ef2ee4c51fbbc019/beautifulsoup4-4.14.3-py3-none-any.whl", hash = "sha256:0918bfe44902e6ad8d57732ba310582e98da931428d231a5ecb9e7c703a735bb", size = 107721, upload-time = "2025-11-30T15:08:24.087Z" },
]

[[package]]
name = "certifi"
version = "2026.5.20"
source = { registry = "https://pypi.org/simple" }
sdist = { url = "https://files.pythonhosted.org/packages/f3/ce/ee2ecad540810a79593028e88299baeae54d346cc7a0d94b6199988b89b1/certifi-2026.5.20.tar.gz", hash = "sha256:69dea482ab64caa7b9f6aba1c6bf48bb6a5448d1c0f1b17ab42ad8c763a5344d", size = 135422, upload-time = "2026-05-20T11:46:50.073Z" }
wheels = [
    { url = "https://files.pythonhosted.org/packages/59/8c/57e832b7af6d7c5abe66eb3fbe3a3a32f4d11ea23a1aa7131371035be991/certifi-2026.5.20-py3-none-any.whl", hash = "sha256:3c52e209ba0a4ad7aebe60436a4ab349c39e1e602e8c134221e546902ad25897", size = 134134, upload-time = "2026-05-20T11:46:48.578Z" },
]

[[package]]
name = "colorama"
version = "0.4.6"
source = { registry = "https://pypi.org/simple" }
sdist = { url = "https://files.pythonhosted.org/packages/d8/53/6f443c9a4a8358a93a6792e2acffb9d9d5cb0a5cfd8802644b7b1c9a02e4/colorama-0.4.6.tar.gz", hash = "sha256:08695f5cb7ed6e0531a20572697297273c47b8cae5a63ffc6d6ed5c201be6e44", size = 27697, upload-time = "2022-10-25T02:36:22.414Z" }
wheels = [
    { url = "https://files.pythonhosted.org/packages/d1/d6/3965ed04c63042e047cb6a3e6ed1a63a35087b6a609aa3a15ed8ac56c221/colorama-0.4.6-py2.py3-none-any.whl", hash = "sha256:4f1d9991f5acc0ca119f9d443620b77f9d6b33703e51011c16baf57afb285fc6", size = 25335, upload-time = "2022-10-25T02:36:20.889Z" },
]

[[package]]
name = "h11"
version = "0.16.0"
source = { registry = "https://pypi.org/simple" }
sdist = { url = "https://files.pythonhosted.org/packages/01/ee/02a2c011bdab74c6fb3c75474d40b3052059d95df7e73351460c8588d963/h11-0.16.0.tar.gz", hash = "sha256:4e35b956cf45792e4caa5885e69fba00bdbc6ffafbfa020300e549b208ee5ff1", size = 101250, upload-time = "2025-04-24T03:35:25.427Z" }
wheels = [
    { url = "https://files.pythonhosted.org/packages/04/4b/29cac41a4d98d144bf5f6d33995617b185d14b22401f75ca86f384e87ff1/h11-0.16.0-py3-none-any.whl", hash = "sha256:63cf8bbe7522de3bf65932fda1d9c2772064ffb3dae62d55932da54b31cb6c86", size = 37515, upload-time = "2025-04-24T03:35:24.344Z" },
]

[[package]]
name = "httpcore"
version = "1.0.9"
source = { registry = "https://pypi.org/simple" }
dependencies = [
    { name = "certifi" },
    { name = "h11" },
]
sdist = { url = "https://files.pythonhosted.org/packages/06/94/82699a10bca87a5556c9c59b5963f2d039dbd239f25bc2a63907a05a14cb/httpcore-1.0.9.tar.gz", hash = "sha256:6e34463af53fd2ab5d807f399a9b45ea31c3dfa2276f15a2c3f00afff6e176e8", size = 85484, upload-time = "2025-04-24T22:06:22.219Z" }
wheels = [
    { url = "https://files.pythonhosted.org/packages/7e/f5/f66802a942d491edb555dd61e3a9961140fd64c90bce1eafd741609d334d/httpcore-1.0.9-py3-none-any.whl", hash = "sha256:2d400746a40668fc9dec9810239072b40b4484b640a8c38fd654a024c7a1bf55", size = 78784, upload-time = "2025-04-24T22:06:20.566Z" },
]

[[package]]
name = "httpx"
version = "0.28.1"
source = { registry = "https://pypi.org/simple" }
dependencies = [
    { name = "anyio" },
    { name = "certifi" },
    { name = "httpcore" },
    { name = "idna" },
]
sdist = { url = "https://files.pythonhosted.org/packages/b1/df/48c586a5fe32a0f01324ee087459e112ebb7224f646c0b5023f5e79e9956/httpx-0.28.1.tar.gz", hash = "sha256:75e98c5f16b0f35b567856f597f06ff2270a374470a5c2392242528e3e3e42fc", size = 141406, upload-time = "2024-12-06T15:37:23.222Z" }
wheels = [
    { url = "https://files.pythonhosted.org/packages/2a/39/e50c7c3a983047577ee07d2a9e53faf5a69493943ec3f6a384bdc792deb2/httpx-0.28.1-py3-none-any.whl", hash = "sha256:d909fcccc110f8c7faf814ca82a9a4d816bc5a6dbfea25d6591d6985b8ba59ad", size = 73517, upload-time = "2024-12-06T15:37:21.509Z" },
]

[[package]]
name = "idna"
version = "3.17"
source = { registry = "https://pypi.org/simple" }
sdist = { url = "https://files.pythonhosted.org/packages/b9/28/99c51f664567218d824af024c0251650fb27e4ca066df188dab0769c5b91/idna-3.17.tar.gz", hash = "sha256:5eb0cb53bc467c12eadcf6de83163ad8527cec9416f44b9b61b19caedad2b87f", size = 196048, upload-time = "2026-05-28T14:32:38.55Z" }
wheels = [
    { url = "https://files.pythonhosted.org/packages/de/a7/f76514cc40ad6234098ecdebda08732d75964776c51a42845b7da10649e2/idna-3.17-py3-none-any.whl", hash = "sha256:466e48829084efe2548012b855df21540b96f2e20e51bd124c851536556a592c", size = 65316, upload-time = "2026-05-28T14:32:37.035Z" },
]

[[package]]
name = "iniconfig"
version = "2.3.0"
source = { registry = "https://pypi.org/simple" }
sdist = { url = "https://files.pythonhosted.org/packages/72/34/14ca021ce8e5dfedc35312d08ba8bf51fdd999c576889fc2c24cb97f4f10/iniconfig-2.3.0.tar.gz", hash = "sha256:c76315c77db068650d49c5b56314774a7804df16fee4402c1f19d6d15d8c4730", size = 20503, upload-time = "2025-10-18T21:55:43.219Z" }
wheels = [
    { url = "https://files.pythonhosted.org/packages/cb/b1/3846dd7f199d53cb17f49cba7e651e9ce294d8497c8c150530ed11865bb8/iniconfig-2.3.0-py3-none-any.whl", hash = "sha256:f631c04d2c48c52b84d0d0549c99ff3859c98df65b3101406327ecc7d53fbf12", size = 7484, upload-time = "2025-10-18T21:55:41.639Z" },
]

[[package]]
name = "lxml"
version = "5.4.0"
source = { registry = "https://pypi.org/simple" }
sdist = { url = "https://files.pythonhosted.org/packages/76/3d/14e82fc7c8fb1b7761f7e748fd47e2ec8276d137b6acfe5a4bb73853e08f/lxml-5.4.0.tar.gz", hash = "sha256:d12832e1dbea4be280b22fd0ea7c9b87f0d8fc51ba06e92dc62d52f804f78ebd", size = 3679479, upload-time = "2025-04-23T01:50:29.322Z" }
wheels = [
    { url = "https://files.pythonhosted.org/packages/87/cb/2ba1e9dd953415f58548506fa5549a7f373ae55e80c61c9041b7fd09a38a/lxml-5.4.0-cp313-cp313-macosx_10_13_universal2.whl", hash = "sha256:773e27b62920199c6197130632c18fb7ead3257fce1ffb7d286912e56ddb79e0", size = 8110086, upload-time = "2025-04-23T01:46:52.218Z" },
    { url = "https://files.pythonhosted.org/packages/b5/3e/6602a4dca3ae344e8609914d6ab22e52ce42e3e1638c10967568c5c1450d/lxml-5.4.0-cp313-cp313-macosx_10_13_x86_64.whl", hash = "sha256:ce9c671845de9699904b1e9df95acfe8dfc183f2310f163cdaa91a3535af95de", size = 4404613, upload-time = "2025-04-23T01:46:55.281Z" },
    { url = "https://files.pythonhosted.org/packages/4c/72/bf00988477d3bb452bef9436e45aeea82bb40cdfb4684b83c967c53909c7/lxml-5.4.0-cp313-cp313-manylinux_2_12_i686.manylinux2010_i686.manylinux_2_17_i686.manylinux2014_i686.whl", hash = "sha256:9454b8d8200ec99a224df8854786262b1bd6461f4280064c807303c642c05e76", size = 5012008, upload-time = "2025-04-23T01:46:57.817Z" },
    { url = "https://files.pythonhosted.org/packages/92/1f/93e42d93e9e7a44b2d3354c462cd784dbaaf350f7976b5d7c3f85d68d1b1/lxml-5.4.0-cp313-cp313-manylinux_2_17_aarch64.manylinux2014_aarch64.whl", hash = "sha256:cccd007d5c95279e529c146d095f1d39ac05139de26c098166c4beb9374b0f4d", size = 4760915, upload-time = "2025-04-23T01:47:00.745Z" },
    { url = "https://files.pythonhosted.org/packages/45/0b/363009390d0b461cf9976a499e83b68f792e4c32ecef092f3f9ef9c4ba54/lxml-5.4.0-cp313-cp313-manylinux_2_17_ppc64le.manylinux2014_ppc64le.whl", hash = "sha256:0fce1294a0497edb034cb416ad3e77ecc89b313cff7adbee5334e4dc0d11f422", size = 5283890, upload-time = "2025-04-23T01:47:04.702Z" },
    { url = "https://files.pythonhosted.org/packages/19/dc/6056c332f9378ab476c88e301e6549a0454dbee8f0ae16847414f0eccb74/lxml-5.4.0-cp313-cp313-manylinux_2_17_s390x.manylinux2014_s390x.whl", hash = "sha256:24974f774f3a78ac12b95e3a20ef0931795ff04dbb16db81a90c37f589819551", size = 4812644, upload-time = "2025-04-23T01:47:07.833Z" },
    { url = "https://files.pythonhosted.org/packages/ee/8a/f8c66bbb23ecb9048a46a5ef9b495fd23f7543df642dabeebcb2eeb66592/lxml-5.4.0-cp313-cp313-manylinux_2_17_x86_64.manylinux2014_x86_64.whl", hash = "sha256:497cab4d8254c2a90bf988f162ace2ddbfdd806fce3bda3f581b9d24c852e03c", size = 4921817, upload-time = "2025-04-23T01:47:10.317Z" },
    { url = "https://files.pythonhosted.org/packages/04/57/2e537083c3f381f83d05d9b176f0d838a9e8961f7ed8ddce3f0217179ce3/lxml-5.4.0-cp313-cp313-manylinux_2_28_aarch64.whl", hash = "sha256:e794f698ae4c5084414efea0f5cc9f4ac562ec02d66e1484ff822ef97c2cadff", size = 4753916, upload-time = "2025-04-23T01:47:12.823Z" },
    { url = "https://files.pythonhosted.org/packages/d8/80/ea8c4072109a350848f1157ce83ccd9439601274035cd045ac31f47f3417/lxml-5.4.0-cp313-cp313-manylinux_2_28_ppc64le.whl", hash = "sha256:2c62891b1ea3094bb12097822b3d44b93fc6c325f2043c4d2736a8ff09e65f60", size = 5289274, upload-time = "2025-04-23T01:47:15.916Z" },
    { url = "https://files.pythonhosted.org/packages/b3/47/c4be287c48cdc304483457878a3f22999098b9a95f455e3c4bda7ec7fc72/lxml-5.4.0-cp313-cp313-manylinux_2_28_s390x.whl", hash = "sha256:142accb3e4d1edae4b392bd165a9abdee8a3c432a2cca193df995bc3886249c8", size = 4874757, upload-time = "2025-04-23T01:47:19.793Z" },
    { url = "https://files.pythonhosted.org/packages/2f/04/6ef935dc74e729932e39478e44d8cfe6a83550552eaa072b7c05f6f22488/lxml-5.4.0-cp313-cp313-manylinux_2_28_x86_64.whl", hash = "sha256:1a42b3a19346e5601d1b8296ff6ef3d76038058f311902edd574461e9c036982", size = 4947028, upload-time = "2025-04-23T01:47:22.401Z" },
    { url = "https://files.pythonhosted.org/packages/cb/f9/c33fc8daa373ef8a7daddb53175289024512b6619bc9de36d77dca3df44b/lxml-5.4.0-cp313-cp313-musllinux_1_2_aarch64.whl", hash = "sha256:4291d3c409a17febf817259cb37bc62cb7eb398bcc95c1356947e2871911ae61", size = 4834487, upload-time = "2025-04-23T01:47:25.513Z" },
    { url = "https://files.pythonhosted.org/packages/8d/30/fc92bb595bcb878311e01b418b57d13900f84c2b94f6eca9e5073ea756e6/lxml-5.4.0-cp313-cp313-musllinux_1_2_ppc64le.whl", hash = "sha256:4f5322cf38fe0e21c2d73901abf68e6329dc02a4994e483adbcf92b568a09a54", size = 5381688, upload-time = "2025-04-23T01:47:28.454Z" },
    { url = "https://files.pythonhosted.org/packages/43/d1/3ba7bd978ce28bba8e3da2c2e9d5ae3f8f521ad3f0ca6ea4788d086ba00d/lxml-5.4.0-cp313-cp313-musllinux_1_2_s390x.whl", hash = "sha256:0be91891bdb06ebe65122aa6bf3fc94489960cf7e03033c6f83a90863b23c58b", size = 5242043, upload-time = "2025-04-23T01:47:31.208Z" },
    { url = "https://files.pythonhosted.org/packages/ee/cd/95fa2201041a610c4d08ddaf31d43b98ecc4b1d74b1e7245b1abdab443cb/lxml-5.4.0-cp313-cp313-musllinux_1_2_x86_64.whl", hash = "sha256:15a665ad90054a3d4f397bc40f73948d48e36e4c09f9bcffc7d90c87410e478a", size = 5021569, upload-time = "2025-04-23T01:47:33.805Z" },
    { url = "https://files.pythonhosted.org/packages/2d/a6/31da006fead660b9512d08d23d31e93ad3477dd47cc42e3285f143443176/lxml-5.4.0-cp313-cp313-win32.whl", hash = "sha256:d5663bc1b471c79f5c833cffbc9b87d7bf13f87e055a5c86c363ccd2348d7e82", size = 3485270, upload-time = "2025-04-23T01:47:36.133Z" },
    { url = "https://files.pythonhosted.org/packages/fc/14/c115516c62a7d2499781d2d3d7215218c0731b2c940753bf9f9b7b73924d/lxml-5.4.0-cp313-cp313-win_amd64.whl", hash = "sha256:bcb7a1096b4b6b24ce1ac24d4942ad98f983cd3810f9711bcd0293f43a9d8b9f", size = 3814606, upload-time = "2025-04-23T01:47:39.028Z" },
]

[[package]]
name = "packaging"
version = "26.2"
source = { registry = "https://pypi.org/simple" }
sdist = { url = "https://files.pythonhosted.org/packages/d7/f1/e7a6dd94a8d4a5626c03e4e99c87f241ba9e350cd9e6d75123f992427270/packaging-26.2.tar.gz", hash = "sha256:ff452ff5a3e828ce110190feff1178bb1f2ea2281fa2075aadb987c2fb221661", size = 228134, upload-time = "2026-04-24T20:15:23.917Z" }
wheels = [
    { url = "https://files.pythonhosted.org/packages/df/b2/87e62e8c3e2f4b32e5fe99e0b86d576da1312593b39f47d8ceef365e95ed/packaging-26.2-py3-none-any.whl", hash = "sha256:5fc45236b9446107ff2415ce77c807cee2862cb6fac22b8a73826d0693b0980e", size = 100195, upload-time = "2026-04-24T20:15:22.081Z" },
]

[[package]]
name = "pluggy"
version = "1.6.0"
source = { registry = "https://pypi.org/simple" }
sdist = { url = "https://files.pythonhosted.org/packages/f9/e2/3e91f31a7d2b083fe6ef3fa267035b518369d9511ffab804f839851d2779/pluggy-1.6.0.tar.gz", hash = "sha256:7dcc130b76258d33b90f61b658791dede3486c3e6bfb003ee5c9bfb396dd22f3", size = 69412, upload-time = "2025-05-15T12:30:07.975Z" }
wheels = [
    { url = "https://files.pythonhosted.org/packages/54/20/4d324d65cc6d9205fabedc306948156824eb9f0ee1633355a8f7ec5c66bf/pluggy-1.6.0-py3-none-any.whl", hash = "sha256:e920276dd6813095e9377c0bc5566d94c932c33b27a3e3945d8389c374dd4746", size = 20538, upload-time = "2025-05-15T12:30:06.134Z" },
]

[[package]]
name = "pygments"
version = "2.20.0"
source = { registry = "https://pypi.org/simple" }
sdist = { url = "https://files.pythonhosted.org/packages/c3/b2/bc9c9196916376152d655522fdcebac55e66de6603a76a02bca1b6414f6c/pygments-2.20.0.tar.gz", hash = "sha256:6757cd03768053ff99f3039c1a36d6c0aa0b263438fcab17520b30a303a82b5f", size = 4955991, upload-time = "2026-03-29T13:29:33.898Z" }
wheels = [
    { url = "https://files.pythonhosted.org/packages/f4/7e/a72dd26f3b0f4f2bf1dd8923c85f7ceb43172af56d63c7383eb62b332364/pygments-2.20.0-py3-none-any.whl", hash = "sha256:81a9e26dd42fd28a23a2d169d86d7ac03b46e2f8b59ed4698fb4785f946d0176", size = 1231151, upload-time = "2026-03-29T13:29:30.038Z" },
]

[[package]]
name = "pytest"
version = "8.4.2"
source = { registry = "https://pypi.org/simple" }
dependencies = [
    { name = "colorama", marker = "sys_platform == 'win32'" },
    { name = "iniconfig" },
    { name = "packaging" },
    { name = "pluggy" },
    { name = "pygments" },
]
sdist = { url = "https://files.pythonhosted.org/packages/a3/5c/00a0e072241553e1a7496d638deababa67c5058571567b92a7eaa258397c/pytest-8.4.2.tar.gz", hash = "sha256:86c0d0b93306b961d58d62a4db4879f27fe25513d4b969df351abdddb3c30e01", size = 1519618, upload-time = "2025-09-04T14:34:22.711Z" }
wheels = [
    { url = "https://files.pythonhosted.org/packages/a8/a4/20da314d277121d6534b3a980b29035dcd51e6744bd79075a6ce8fa4eb8d/pytest-8.4.2-py3-none-any.whl", hash = "sha256:872f880de3fc3a5bdc88a11b39c9710c3497a547cfa9320bc3c5e62fbf272e79", size = 365750, upload-time = "2025-09-04T14:34:20.226Z" },
]

[[package]]
name = "pytest-asyncio"
version = "0.26.0"
source = { registry = "https://pypi.org/simple" }
dependencies = [
    { name = "pytest" },
]
sdist = { url = "https://files.pythonhosted.org/packages/8e/c4/453c52c659521066969523e87d85d54139bbd17b78f09532fb8eb8cdb58e/pytest_asyncio-0.26.0.tar.gz", hash = "sha256:c4df2a697648241ff39e7f0e4a73050b03f123f760673956cf0d72a4990e312f", size = 54156, upload-time = "2025-03-25T06:22:28.883Z" }
wheels = [
    { url = "https://files.pythonhosted.org/packages/20/7f/338843f449ace853647ace35870874f69a764d251872ed1b4de9f234822c/pytest_asyncio-0.26.0-py3-none-any.whl", hash = "sha256:7b51ed894f4fbea1340262bdae5135797ebbe21d8638978e35d31c6d19f72fb0", size = 19694, upload-time = "2025-03-25T06:22:27.807Z" },
]

[[package]]
name = "python-dotenv"
version = "1.2.2"
source = { registry = "https://pypi.org/simple" }
sdist = { url = "https://files.pythonhosted.org/packages/82/ed/0301aeeac3e5353ef3d94b6ec08bbcabd04a72018415dcb29e588514bba8/python_dotenv-1.2.2.tar.gz", hash = "sha256:2c371a91fbd7ba082c2c1dc1f8bf89ca22564a087c2c287cd9b662adde799cf3", size = 50135, upload-time = "2026-03-01T16:00:26.196Z" }
wheels = [
    { url = "https://files.pythonhosted.org/packages/0b/d7/1959b9648791274998a9c3526f6d0ec8fd2233e4d4acce81bbae76b44b2a/python_dotenv-1.2.2-py3-none-any.whl", hash = "sha256:1d8214789a24de455a8b8bd8ae6fe3c6b69a5e3d64aa8a8e5d68e694bbcb285a", size = 22101, upload-time = "2026-03-01T16:00:25.09Z" },
]

[[package]]
name = "python-telegram-bot"
version = "22.7"
source = { registry = "https://pypi.org/simple" }
dependencies = [
    { name = "httpcore", marker = "python_full_version >= '3.14'" },
    { name = "httpx" },
]
sdist = { url = "https://files.pythonhosted.org/packages/e4/25/2258161b1069e66d6c39c0a602dbe57461d4767dc0012539970ea40bc9d6/python_telegram_bot-22.7.tar.gz", hash = "sha256:784b59ea3852fe4616ad63b4a0264c755637f5d725e87755ecdee28300febf61", size = 1516454, upload-time = "2026-03-16T09:36:03.174Z" }
wheels = [
    { url = "https://files.pythonhosted.org/packages/94/f7/0e2f89dd62f45d46d4ea0d8aec5893ce5b37389638db010c117f46f11450/python_telegram_bot-22.7-py3-none-any.whl", hash = "sha256:d72eed532cf763758cd9331b57a6d790aff0bb4d37d8f4e92149436fe21c6475", size = 745365, upload-time = "2026-03-16T09:36:01.498Z" },
]

[package.optional-dependencies]
job-queue = [
    { name = "apscheduler" },
]

[[package]]
name = "ruff"
version = "0.15.15"
source = { registry = "https://pypi.org/simple" }
sdist = { url = "https://files.pythonhosted.org/packages/84/6f/a76f7d96e5c962f5b69cee865e49c15c1116897c01990faa8a57edb62e7f/ruff-0.15.15.tar.gz", hash = "sha256:b8dff018130b46d8e5bf0f926ef6b60cf871d6d5ae45fc9334e09632daa741d6", size = 4706985, upload-time = "2026-05-28T14:16:57.784Z" }
wheels = [
    { url = "https://files.pythonhosted.org/packages/fa/9d/3a45c05b8ab04b4705989de70a79008e27c8003296a0feaee9edc18dd7e9/ruff-0.15.15-py3-none-linux_armv6l.whl", hash = "sha256:cf93e5388f412e1b108b1f8b34a6e036b70fe8aff89393befad96fe48670311b", size = 10710652, upload-time = "2026-05-28T14:16:06.701Z" },
    { url = "https://files.pythonhosted.org/packages/05/66/da974431624bf3b49f6ee1f9543c02d929ff1cba78b0d5a79c38cf21f744/ruff-0.15.15-py3-none-macosx_10_12_x86_64.whl", hash = "sha256:ac5a646d1f6a7dadd5d50842dae2c1f9862ac887ef5d1b1375e02def791fde6e", size = 11096615, upload-time = "2026-05-28T14:16:23.313Z" },
    { url = "https://files.pythonhosted.org/packages/8c/09/7443452e5d290230a712103f2fdceeef7184f3ec99a2bd01c8be78aaceb5/ruff-0.15.15-py3-none-macosx_11_0_arm64.whl", hash = "sha256:77d955a431430c66f72dd94e379ad38a16daea3d25094872ac4edf9e797be530", size = 10436683, upload-time = "2026-05-28T14:16:40.974Z" },
    { url = "https://files.pythonhosted.org/packages/53/01/d330c26a57fa4f3943a14424904027428315b700fe4d14a84bb123a649e5/ruff-0.15.15-py3-none-manylinux_2_17_aarch64.manylinux2014_aarch64.whl", hash = "sha256:7614ee79c69788cf6cedd568069ade9cecc22a1ad20494efe8d0c9ebb4b622d4", size = 10769064, upload-time = "2026-05-28T14:16:28.905Z" },
    { url = "https://files.pythonhosted.org/packages/1d/85/cc8770f8bdff541b1da8392d1634141fe4a0e3f4ee596605959b7906c27f/ruff-0.15.15-py3-none-manylinux_2_17_armv7l.manylinux2014_armv7l.whl", hash = "sha256:3cdb1679e06a1f6b47bc384714ae96f6e2fb65ca441eb78c43d2ca554176ce1f", size = 10511987, upload-time = "2026-05-28T14:16:43.732Z" },
    { url = "https://files.pythonhosted.org/packages/7c/29/8c190c1472b63013583ba391f3342036e02010544c1270455ed8e519bdf3/ruff-0.15.15-py3-none-manylinux_2_17_i686.manylinux2014_i686.whl", hash = "sha256:2728b93d7b23a603ea2c0ac6eb73d760bd38ec9de35f35fb41e18f7a3fee7622", size = 11275100, upload-time = "2026-05-28T14:16:55.244Z" },
    { url = "https://files.pythonhosted.org/packages/9f/6b/7e145ce2cc8e63d6834eca03d83a0e18d121def5c69f91b4cf4011ed4879/ruff-0.15.15-py3-none-manylinux_2_17_ppc64le.manylinux2014_ppc64le.whl", hash = "sha256:be582fcc0db438902c7792b08d6ddf6c9b9e21addaa10092c2c741cfb09e5a45", size = 12176903, upload-time = "2026-05-28T14:16:14.368Z" },
    { url = "https://files.pythonhosted.org/packages/80/a3/d5974637f68e451f7fadf015cf3101d1cd7d8ba5027cffe0b9e3826ebe6b/ruff-0.15.15-py3-none-manylinux_2_17_s390x.manylinux2014_s390x.whl", hash = "sha256:7aa77465b8ecaf1a27bea098d696f7fed5e1eccbd10b321b682d6de586ae5627", size = 11404550, upload-time = "2026-05-28T14:16:20.138Z" },
    { url = "https://files.pythonhosted.org/packages/fe/1c/e6e5e568f22be4fb05d6244234aba384c06b451252453b821e1a529263cf/ruff-0.15.15-py3-none-manylinux_2_17_x86_64.manylinux2014_x86_64.whl", hash = "sha256:48decfa11d740de4889de623be1463308346312f2409a56e24aa280c86162dc4", size = 11382027, upload-time = "2026-05-28T14:16:46.615Z" },
    { url = "https://files.pythonhosted.org/packages/1d/01/170921b49fcd2e8858825593f91cf7146c3e40a5c3e6df763e4bb0484dde/ruff-0.15.15-py3-none-manylinux_2_31_riscv64.whl", hash = "sha256:a5015088452ca0081387063649ec67f06d3d1d6b8b936a1f836b5e9657ecd48c", size = 11366041, upload-time = "2026-05-28T14:16:26.247Z" },
    { url = "https://files.pythonhosted.org/packages/87/54/a7bad711d7de93254e15e06a4c375b89a03d18de45d3e5dcc86a4472fb1a/ruff-0.15.15-py3-none-musllinux_1_2_aarch64.whl", hash = "sha256:f5294aab6356c81600fcdea3a62bb1b924dfd5e91767c12318d3f68f86af57cd", size = 10741795, upload-time = "2026-05-28T14:16:17.11Z" },
    { url = "https://files.pythonhosted.org/packages/c9/31/38c075963668f8b41c6914ee0f6f318727fbe30ab9145cb29e6df464c5fa/ruff-0.15.15-py3-none-musllinux_1_2_armv7l.whl", hash = "sha256:db5bd4d802415cca656dc1616070b725952d6ae95eb5d4831e49fbd94a38f75f", size = 10511117, upload-time = "2026-05-28T14:16:31.767Z" },
    { url = "https://files.pythonhosted.org/packages/9d/96/6ff689e1f7e375d1d97075eca022f74c2bab59554a432fe4d2e6f091986a/ruff-0.15.15-py3-none-musllinux_1_2_i686.whl", hash = "sha256:587a6278ed42059191c1a466e490bd7930fb50bd2e255398bc29616c895a61cb", size = 10994867, upload-time = "2026-05-28T14:16:35.149Z" },
    { url = "https://files.pythonhosted.org/packages/c3/c2/5dce0ab9f92a8d534fa62b9bf9caca3eddb8c1a81b616f5e195ada4f0d6e/ruff-0.15.15-py3-none-musllinux_1_2_x86_64.whl", hash = "sha256:df0c1c084f5f4be9812f61518a45c440d3c30d69ce4bf6c5270e66d38338f02a", size = 11482101, upload-time = "2026-05-28T14:16:49.598Z" },
    { url = "https://files.pythonhosted.org/packages/b1/c0/1003b60edd697c649faf61f1a34094b1abb38fb3d1181e3f895781250a08/ruff-0.15.15-py3-none-win32.whl", hash = "sha256:29428ea79694afbe756d45fd59b36f22b6b020dc0443cf7de0173046236964b9", size = 10716774, upload-time = "2026-05-28T14:16:52.337Z" },
    { url = "https://files.pythonhosted.org/packages/02/a8/1269eddd6945a06c23f055ef7848886e37cf9d6a8bebb386a3115f01470c/ruff-0.15.15-py3-none-win_amd64.whl", hash = "sha256:8df0323902e15e24bc4bf246da830573d3cf3352bd0b9a164eab335d111ff4a4", size = 11868463, upload-time = "2026-05-28T14:16:11.333Z" },
    { url = "https://files.pythonhosted.org/packages/4e/b2/920464c907b191e37469d477a1aa8bc048b8f36c4c1610dfa4ab87b39e18/ruff-0.15.15-py3-none-win_arm64.whl", hash = "sha256:3c8ceca6792f38196b8f589bc92eccd03eef286602da92e5dc05cc42ef6441b7", size = 11138498, upload-time = "2026-05-28T14:16:38.425Z" },
]

[[package]]
name = "soupsieve"
version = "2.8.4"
source = { registry = "https://pypi.org/simple" }
sdist = { url = "https://files.pythonhosted.org/packages/47/2c/0a5f6f8ee0d5589e48c7640213ed5175d52cf540a06725b628cc1a45d6ce/soupsieve-2.8.4.tar.gz", hash = "sha256:e121fd02e975c695e4e9e8774a5ee35d74714b59307868dcc5319ad2d9e3328e", size = 121110, upload-time = "2026-05-24T13:55:57.154Z" }
wheels = [
    { url = "https://files.pythonhosted.org/packages/5e/f5/0c41cb68dcae6b7de4fac4188a3a9589e21fb31df21ea3a2e888db95e6c9/soupsieve-2.8.4-py3-none-any.whl", hash = "sha256:e7e6b0769c8f51ed59acab6e994b00621096cfb1c640a7509295987388fbaf65", size = 37304, upload-time = "2026-05-24T13:55:55.406Z" },
]

[[package]]
name = "typing-extensions"
version = "4.15.0"
source = { registry = "https://pypi.org/simple" }
sdist = { url = "https://files.pythonhosted.org/packages/72/94/1a15dd82efb362ac84269196e94cf00f187f7ed21c242792a923cdb1c61f/typing_extensions-4.15.0.tar.gz", hash = "sha256:0cea48d173cc12fa28ecabc3b837ea3cf6f38c6d1136f85cbaaf598984861466", size = 109391, upload-time = "2025-08-25T13:49:26.313Z" }
wheels = [
    { url = "https://files.pythonhosted.org/packages/18/67/36e9267722cc04a6b9f15c7f3441c2363321a3ea07da7ae0c0707beb2a9c/typing_extensions-4.15.0-py3-none-any.whl", hash = "sha256:f0fa19c6845758ab08074a0cfa8b7aecb71c999ca73d62883bc25cc018c4e548", size = 44614, upload-time = "2025-08-25T13:49:24.86Z" },
]

[[package]]
name = "tzdata"
version = "2026.2"
source = { registry = "https://pypi.org/simple" }
sdist = { url = "https://files.pythonhosted.org/packages/ba/19/1b9b0e29f30c6d35cb345486df41110984ea67ae69dddbc0e8a100999493/tzdata-2026.2.tar.gz", hash = "sha256:9173fde7d80d9018e02a662e168e5a2d04f87c41ea174b139fbef642eda62d10", size = 198254, upload-time = "2026-04-24T15:22:08.651Z" }
wheels = [
    { url = "https://files.pythonhosted.org/packages/ce/e4/dccd7f47c4b64213ac01ef921a1337ee6e30e8c6466046018326977efd95/tzdata-2026.2-py2.py3-none-any.whl", hash = "sha256:bbe9af844f658da81a5f95019480da3a89415801f6cc966806612cc7169bffe7", size = 349321, upload-time = "2026-04-24T15:22:05.876Z" },
]

[[package]]
name = "tzlocal"
version = "5.3.1"
source = { registry = "https://pypi.org/simple" }
dependencies = [
    { name = "tzdata", marker = "sys_platform == 'win32'" },
]
sdist = { url = "https://files.pythonhosted.org/packages/8b/2e/c14812d3d4d9cd1773c6be938f89e5735a1f11a9f184ac3639b93cef35d5/tzlocal-5.3.1.tar.gz", hash = "sha256:cceffc7edecefea1f595541dbd6e990cb1ea3d19bf01b2809f362a03dd7921fd", size = 30761, upload-time = "2025-03-05T21:17:41.549Z" }
wheels = [
    { url = "https://files.pythonhosted.org/packages/c2/14/e2a54fabd4f08cd7af1c07030603c3356b74da07f7cc056e600436edfa17/tzlocal-5.3.1-py3-none-any.whl", hash = "sha256:eb1a66c3ef5847adf7a834f1be0800581b683b5608e74f86ecbcef8ab91bb85d", size = 18026, upload-time = "2025-03-05T21:17:39.857Z" },
]

[[package]]
name = "vhs-berlin-bot"
version = "0.1.0"
source = { editable = "." }
dependencies = [
    { name = "beautifulsoup4" },
    { name = "httpx" },
    { name = "lxml" },
    { name = "python-dotenv" },
    { name = "python-telegram-bot", extra = ["job-queue"] },
]

[package.dev-dependencies]
dev = [
    { name = "pytest" },
    { name = "pytest-asyncio" },
    { name = "ruff" },
]

[package.metadata]
requires-dist = [
    { name = "beautifulsoup4", specifier = ">=4.12,<5" },
    { name = "httpx", specifier = ">=0.27,<1" },
    { name = "lxml", specifier = ">=5.2,<6" },
    { name = "python-dotenv", specifier = ">=1.0,<2" },
    { name = "python-telegram-bot", extras = ["job-queue"], specifier = ">=22.6,<23" },
]

[package.metadata.requires-dev]
dev = [
    { name = "pytest", specifier = ">=8.0,<9" },
    { name = "pytest-asyncio", specifier = ">=0.23,<1" },
    { name = "ruff", specifier = ">=0.5,<1" },
]
